
Microsoft Visual Studio Solution File, Format Version 12.00
# Visual Studio Version 16
VisualStudioVersion = 16.0.30804.86
MinimumVisualStudioVersion = 10.0.40219.1
Project("{9A19103F-16F7-4668-BE54-9A1E7A4F7556}") = "ILNZU", "ILNZU\ILNZU.csproj", "{8F85EAF3-6C83-4699-8012-76D5FF836067}"
EndProject
Project("{9A19103F-16F7-4668-BE54-9A1E7A4F7556}") = "DAL", "DAL\DAL.csproj", "{4D86922D-D7C8-463A-8E4B-C23C33FE4FEF}"
EndProject
Project("{9A19103F-16F7-4668-BE54-9A1E7A4F7556}") = "BLL", "BLL\BLL.csproj", "{5DCAFD83-FF72-4972-B97E-E3BA41ED264D}"
EndProject
Project("{FAE04EC0-301F-11D3-BF4B-00C04F79EFBC}") = "TEEEEEsts", "TEEEEEsts\TEEEEEsts.csproj", "{CBBEB1C2-0FF8-455C-949A-EEDB19222B9F}"
EndProject
Global
	GlobalSection(SolutionConfigurationPlatforms) = preSolution
		Debug|Any CPU = Debug|Any CPU
		Release|Any CPU = Release|Any CPU
	EndGlobalSection
	GlobalSection(ProjectConfigurationPlatforms) = postSolution
		{8F85EAF3-6C83-4699-8012-76D5FF836067}.Debug|Any CPU.ActiveCfg = Debug|Any CPU
		{8F85EAF3-6C83-4699-8012-76D5FF836067}.Debug|Any CPU.Build.0 = Debug|Any CPU
		{8F85EAF3-6C83-4699-8012-76D5FF836067}.Release|Any CPU.ActiveCfg = Release|Any CPU
		{8F85EAF3-6C83-4699-8012-76D5FF836067}.Release|Any CPU.Build.0 = Release|Any CPU
		{4D86922D-D7C8-463A-8E4B-C23C33FE4FEF}.Debug|Any CPU.ActiveCfg = Debug|Any CPU
		{4D86922D-D7C8-463A-8E4B-C23C33FE4FEF}.Debug|Any CPU.Build.0 = Debug|Any CPU
		{4D86922D-D7C8-463A-8E4B-C23C33FE4FEF}.Release|Any CPU.ActiveCfg = Release|Any CPU
		{4D86922D-D7C8-463A-8E4B-C23C33FE4FEF}.Release|Any CPU.Build.0 = Release|Any CPU
		{5DCAFD83-FF72-4972-B97E-E3BA41ED264D}.Debug|Any CPU.ActiveCfg = Debug|Any CPU
		{5DCAFD83-FF72-4972-B97E-E3BA41ED264D}.Debug|Any CPU.Build.0 = Debug|Any CPU
		{5DCAFD83-FF72-4972-B97E-E3BA41ED264D}.Release|Any CPU.ActiveCfg = Release|Any CPU
		{5DCAFD83-FF72-4972-B97E-E3BA41ED264D}.Release|Any CPU.Build.0 = Release|Any CPU
		{CBBEB1C2-0FF8-455C-949A-EEDB19222B9F}.Debug|Any CPU.ActiveCfg = Debug|Any CPU
		{CBBEB1C2-0FF8-455C-949A-EEDB19222B9F}.Debug|Any CPU.Build.0 = Debug|Any CPU
		{CBBEB1C2-0FF8-455C-949A-EEDB19222B9F}.Release|Any CPU.ActiveCfg = Release|Any CPU
		{CBBEB1C2-0FF8-455C-949A-EEDB19222B9F}.Release|Any CPU.Build.0 = Release|Any CPU
	EndGlobalSection
	GlobalSection(SolutionProperties) = preSolution
		HideSolutionNode = FALSE
	EndGlobalSection
	GlobalSection(ExtensibilityGlobals) = postSolution
		SolutionGuid = {324EF4C0-227E-4E78-84A9-5C2D06DC3B05}
	EndGlobalSection
EndGlobal
